
Microsoft Visual Studio Solution File, Format Version 12.00
# Visual Studio Version 16
VisualStudioVersion = 16.0.29201.188
MinimumVisualStudioVersion = 10.0.40219.1
Project("{FAE04EC0-301F-11D3-BF4B-00C04F79EFBC}") = "AR_Drone2.0L_Player", "AR_Drone2.0L_Player\AR_Drone2.0L_Player.csproj", "{0A74FC88-87C6-418F-9AEA-9C89D8C54540}"
EndProject
Global
	GlobalSection(SolutionConfigurationPlatforms) = preSolution
		Debug|Any CPU = Debug|Any CPU
		Release|Any CPU = Release|Any CPU
	EndGlobalSection
	GlobalSection(ProjectConfigurationPlatforms) = postSolution
		{0A74FC88-87C6-418F-9AEA-9C89D8C54540}.Debug|Any CPU.ActiveCfg = Debug|Any CPU
		{0A74FC88-87C6-418F-9AEA-9C89D8C54540}.Debug|Any CPU.Build.0 = Debug|Any CPU
		{0A74FC88-87C6-418F-9AEA-9C89D8C54540}.Release|Any CPU.ActiveCfg = Release|Any CPU
		{0A74FC88-87C6-418F-9AEA-9C89D8C54540}.Release|Any CPU.Build.0 = Release|Any CPU
	EndGlobalSection
	GlobalSection(SolutionProperties) = preSolution
		HideSolutionNode = FALSE
	EndGlobalSection
	GlobalSection(ExtensibilityGlobals) = postSolution
		SolutionGuid = {95DC358A-3CB3-4BFF-8C41-0FAEA4F8DBF3}
	EndGlobalSection
EndGlobal
